
Microsoft Visual Studio Solution File, Format Version 12.00
# Visual Studio Version 17
VisualStudioVersion = 17.7.34018.315
MinimumVisualStudioVersion = 10.0.40219.1
Project("{FAE04EC0-301F-11D3-BF4B-00C04F79EFBC}") = "MIS-521-A2", "MIS-521-A2\MIS-521-A2.csproj", "{9AACDB60-54BF-4BF0-BF1E-9C7FDFFF8EEB}"
EndProject
Global
	GlobalSection(SolutionConfigurationPlatforms) = preSolution
		Debug|Any CPU = Debug|Any CPU
		Release|Any CPU = Release|Any CPU
	EndGlobalSection
	GlobalSection(ProjectConfigurationPlatforms) = postSolution
		{9AACDB60-54BF-4BF0-BF1E-9C7FDFFF8EEB}.Debug|Any CPU.ActiveCfg = Debug|Any CPU
		{9AACDB60-54BF-4BF0-BF1E-9C7FDFFF8EEB}.Debug|Any CPU.Build.0 = Debug|Any CPU
		{9AACDB60-54BF-4BF0-BF1E-9C7FDFFF8EEB}.Release|Any CPU.ActiveCfg = Release|Any CPU
		{9AACDB60-54BF-4BF0-BF1E-9C7FDFFF8EEB}.Release|Any CPU.Build.0 = Release|Any CPU
	EndGlobalSection
	GlobalSection(SolutionProperties) = preSolution
		HideSolutionNode = FALSE
	EndGlobalSection
	GlobalSection(ExtensibilityGlobals) = postSolution
		SolutionGuid = {199CE8BA-84F0-4F80-BDB4-3470855A7B9D}
	EndGlobalSection
EndGlobal
